// !$*UTF8*$!
{
	archiveVersion = 1;
	classes = {
	};
	objectVersion = 46;
	objects = {

/* Begin PBXBuildFile section */
		BC5AAD2E1994258700D7E79B /* Foundation.framework in Frameworks */ = {isa = PBXBuildFile; fileRef = BC5AAD2D1994258700D7E79B /* Foundation.framework */; };
		BC5AAD301994258700D7E79B /* CoreGraphics.framework in Frameworks */ = {isa = PBXBuildFile; fileRef = BC5AAD2F1994258700D7E79B /* CoreGraphics.framework */; };
		BC5AAD321994258700D7E79B /* UIKit.framework in Frameworks */ = {isa = PBXBuildFile; fileRef = BC5AAD311994258700D7E79B /* UIKit.framework */; };
		BC5AAD381994258700D7E79B /* InfoPlist.strings in Resources */ = {isa = PBXBuildFile; fileRef = BC5AAD361994258700D7E79B /* InfoPlist.strings */; };
		BC5AAD3A1994258700D7E79B /* main.m in Sources */ = {isa = PBXBuildFile; fileRef = BC5AAD391994258700D7E79B /* main.m */; };
		BC5AAD3E1994258700D7E79B /* WTA_AppDelegate.m in Sources */ = {isa = PBXBuildFile; fileRef = BC5AAD3D1994258700D7E79B /* WTA_AppDelegate.m */; };
		BC5AAD411994258700D7E79B /* Main.storyboard in Resources */ = {isa = PBXBuildFile; fileRef = BC5AAD3F1994258700D7E79B /* Main.storyboard */; };
		BC5AAD441994258700D7E79B /* WTA_ViewController.m in Sources */ = {isa = PBXBuildFile; fileRef = BC5AAD431994258700D7E79B /* WTA_ViewController.m */; };
		BC5AAD461994258700D7E79B /* Images.xcassets in Resources */ = {isa = PBXBuildFile; fileRef = BC5AAD451994258700D7E79B /* Images.xcassets */; };
		BC5AAD4D1994258700D7E79B /* XCTest.framework in Frameworks */ = {isa = PBXBuildFile; fileRef = BC5AAD4C1994258700D7E79B /* XCTest.framework */; };
		BC5AAD4E1994258700D7E79B /* Foundation.framework in Frameworks */ = {isa = PBXBuildFile; fileRef = BC5AAD2D1994258700D7E79B /* Foundation.framework */; };
		BC5AAD4F1994258700D7E79B /* UIKit.framework in Frameworks */ = {isa = PBXBuildFile; fileRef = BC5AAD311994258700D7E79B /* UIKit.framework */; };
		BC5AAD571994258700D7E79B /* InfoPlist.strings in Resources */ = {isa = PBXBuildFile; fileRef = BC5AAD551994258700D7E79B /* InfoPlist.strings */; };
		BC5AAD591994258700D7E79B /* WebToAppCommunicationTests.m in Sources */ = {isa = PBXBuildFile; fileRef = BC5AAD581994258700D7E79B /* WebToAppCommunicationTests.m */; };
		BC5AAD66199426AD00D7E79B /* communicate.js in Sources */ = {isa = PBXBuildFile; fileRef = BC5AAD65199426AD00D7E79B /* communicate.js */; };
		BC5AAD67199431A900D7E79B /* communicate.js in Resources */ = {isa = PBXBuildFile; fileRef = BC5AAD65199426AD00D7E79B /* communicate.js */; };
		BC5AAD6A1994333900D7E79B /* WTA_WebConsole.m in Sources */ = {isa = PBXBuildFile; fileRef = BC5AAD691994333900D7E79B /* WTA_WebConsole.m */; };
/* End PBXBuildFile section */

/* Begin PBXContainerItemProxy section */
		BC5AAD501994258700D7E79B /* PBXContainerItemProxy */ = {
			isa = PBXContainerItemProxy;
			containerPortal = BC5AAD221994258700D7E79B /* Project object */;
			proxyType = 1;
			remoteGlobalIDString = BC5AAD291994258700D7E79B;
			remoteInfo = WebToAppCommunication;
		};
/* End PBXContainerItemProxy section */

/* Begin PBXFileReference section */
		BC5AAD2A1994258700D7E79B /* WebToAppCommunication.app */ = {isa = PBXFileReference; explicitFileType = wrapper.application; includeInIndex = 0; path = WebToAppCommunication.app; sourceTree = BUILT_PRODUCTS_DIR; };
		BC5AAD2D1994258700D7E79B /* Foundation.framework */ = {isa = PBXFileReference; lastKnownFileType = wrapper.framework; name = Foundation.framework; path = System/Library/Frameworks/Foundation.framework; sourceTree = SDKROOT; };
		BC5AAD2F1994258700D7E79B /* CoreGraphics.framework */ = {isa = PBXFileReference; lastKnownFileType = wrapper.framework; name = CoreGraphics.framework; path = System/Library/Frameworks/CoreGraphics.framework; sourceTree = SDKROOT; };
		BC5AAD311994258700D7E79B /* UIKit.framework */ = {isa = PBXFileReference; lastKnownFileType = wrapper.framework; name = UIKit.framework; path = System/Library/Frameworks/UIKit.framework; sourceTree = SDKROOT; };
		BC5AAD351994258700D7E79B /* WebToAppCommunication-Info.plist */ = {isa = PBXFileReference; lastKnownFileType = text.plist.xml; path = "WebToAppCommunication-Info.plist"; sourceTree = "<group>"; };
		BC5AAD371994258700D7E79B /* en */ = {isa = PBXFileReference; lastKnownFileType = text.plist.strings; name = en; path = en.lproj/InfoPlist.strings; sourceTree = "<group>"; };
		BC5AAD391994258700D7E79B /* main.m */ = {isa = PBXFileReference; lastKnownFileType = sourcecode.c.objc; path = main.m; sourceTree = "<group>"; };
		BC5AAD3B1994258700D7E79B /* WebToAppCommunication-Prefix.pch */ = {isa = PBXFileReference; lastKnownFileType = sourcecode.c.h; path = "WebToAppCommunication-Prefix.pch"; sourceTree = "<group>"; };
		BC5AAD3C1994258700D7E79B /* WTA_AppDelegate.h */ = {isa = PBXFileReference; lastKnownFileType = sourcecode.c.h; path = WTA_AppDelegate.h; sourceTree = "<group>"; };
		BC5AAD3D1994258700D7E79B /* WTA_AppDelegate.m */ = {isa = PBXFileReference; lastKnownFileType = sourcecode.c.objc; path = WTA_AppDelegate.m; sourceTree = "<group>"; };
		BC5AAD401994258700D7E79B /* Base */ = {isa = PBXFileReference; lastKnownFileType = file.storyboard; name = Base; path = Base.lproj/Main.storyboard; sourceTree = "<group>"; };
		BC5AAD421994258700D7E79B /* WTA_ViewController.h */ = {isa = PBXFileReference; lastKnownFileType = sourcecode.c.h; path = WTA_ViewController.h; sourceTree = "<group>"; };
		BC5AAD431994258700D7E79B /* WTA_ViewController.m */ = {isa = PBXFileReference; lastKnownFileType = sourcecode.c.objc; path = WTA_ViewController.m; sourceTree = "<group>"; };
		BC5AAD451994258700D7E79B /* Images.xcassets */ = {isa = PBXFileReference; lastKnownFileType = folder.assetcatalog; path = Images.xcassets; sourceTree = "<group>"; };
		BC5AAD4B1994258700D7E79B /* WebToAppCommunicationTests.xctest */ = {isa = PBXFileReference; explicitFileType = wrapper.cfbundle; includeInIndex = 0; path = WebToAppCommunicationTests.xctest; sourceTree = BUILT_PRODUCTS_DIR; };
		BC5AAD4C1994258700D7E79B /* XCTest.framework */ = {isa = PBXFileReference; lastKnownFileType = wrapper.framework; name = XCTest.framework; path = Library/Frameworks/XCTest.framework; sourceTree = DEVELOPER_DIR; };
		BC5AAD541994258700D7E79B /* WebToAppCommunicationTests-Info.plist */ = {isa = PBXFileReference; lastKnownFileType = text.plist.xml; path = "WebToAppCommunicationTests-Info.plist"; sourceTree = "<group>"; };
		BC5AAD561994258700D7E79B /* en */ = {isa = PBXFileReference; lastKnownFileType = text.plist.strings; name = en; path = en.lproj/InfoPlist.strings; sourceTree = "<group>"; };
		BC5AAD581994258700D7E79B /* WebToAppCommunicationTests.m */ = {isa = PBXFileReference; lastKnownFileType = sourcecode.c.objc; path = WebToAppCommunicationTests.m; sourceTree = "<group>"; };
		BC5AAD65199426AD00D7E79B /* communicate.js */ = {isa = PBXFileReference; fileEncoding = 4; lastKnownFileType = sourcecode.javascript; path = communicate.js; sourceTree = "<group>"; };
		BC5AAD681994333900D7E79B /* WTA_WebConsole.h */ = {isa = PBXFileReference; fileEncoding = 4; lastKnownFileType = sourcecode.c.h; path = WTA_WebConsole.h; sourceTree = "<group>"; };
		BC5AAD691994333900D7E79B /* WTA_WebConsole.m */ = {isa = PBXFileReference; fileEncoding = 4; lastKnownFileType = sourcecode.c.objc; path = WTA_WebConsole.m; sourceTree = "<group>"; };
/* End PBXFileReference section */

/* Begin PBXFrameworksBuildPhase section */
		BC5AAD271994258700D7E79B /* Frameworks */ = {
			isa = PBXFrameworksBuildPhase;
			buildActionMask = 2147483647;
			files = (
				BC5AAD301994258700D7E79B /* CoreGraphics.framework in Frameworks */,
				BC5AAD321994258700D7E79B /* UIKit.framework in Frameworks */,
				BC5AAD2E1994258700D7E79B /* Foundation.framework in Frameworks */,
			);
			runOnlyForDeploymentPostprocessing = 0;
		};
		BC5AAD481994258700D7E79B /* Frameworks */ = {
			isa = PBXFrameworksBuildPhase;
			buildActionMask = 2147483647;
			files = (
				BC5AAD4D1994258700D7E79B /* XCTest.framework in Frameworks */,
				BC5AAD4F1994258700D7E79B /* UIKit.framework in Frameworks */,
				BC5AAD4E1994258700D7E79B /* Foundation.framework in Frameworks */,
			);
			runOnlyForDeploymentPostprocessing = 0;
		};
/* End PBXFrameworksBuildPhase section */

/* Begin PBXGroup section */
		BC5AAD211994258700D7E79B = {
			isa = PBXGroup;
			children = (
				BC5AAD331994258700D7E79B /* WebToAppCommunication */,
				BC5AAD521994258700D7E79B /* WebToAppCommunicationTests */,
				BC5AAD2C1994258700D7E79B /* Frameworks */,
				BC5AAD2B1994258700D7E79B /* Products */,
			);
			sourceTree = "<group>";
		};
		BC5AAD2B1994258700D7E79B /* Products */ = {
			isa = PBXGroup;
			children = (
				BC5AAD2A1994258700D7E79B /* WebToAppCommunication.app */,
				BC5AAD4B1994258700D7E79B /* WebToAppCommunicationTests.xctest */,
			);
			name = Products;
			sourceTree = "<group>";
		};
		BC5AAD2C1994258700D7E79B /* Frameworks */ = {
			isa = PBXGroup;
			children = (
				BC5AAD2D1994258700D7E79B /* Foundation.framework */,
				BC5AAD2F1994258700D7E79B /* CoreGraphics.framework */,
				BC5AAD311994258700D7E79B /* UIKit.framework */,
				BC5AAD4C1994258700D7E79B /* XCTest.framework */,
			);
			name = Frameworks;
			sourceTree = "<group>";
		};
		BC5AAD331994258700D7E79B /* WebToAppCommunication */ = {
			isa = PBXGroup;
			children = (
				BC5AAD62199425A700D7E79B /* jsDocs */,
				BC5AAD3C1994258700D7E79B /* WTA_AppDelegate.h */,
				BC5AAD3D1994258700D7E79B /* WTA_AppDelegate.m */,
				BC5AAD3F1994258700D7E79B /* Main.storyboard */,
				BC5AAD421994258700D7E79B /* WTA_ViewController.h */,
				BC5AAD431994258700D7E79B /* WTA_ViewController.m */,
				BC5AAD451994258700D7E79B /* Images.xcassets */,
				BC5AAD341994258700D7E79B /* Supporting Files */,
				BC5AAD681994333900D7E79B /* WTA_WebConsole.h */,
				BC5AAD691994333900D7E79B /* WTA_WebConsole.m */,
			);
			path = WebToAppCommunication;
			sourceTree = "<group>";
		};
		BC5AAD341994258700D7E79B /* Supporting Files */ = {
			isa = PBXGroup;
			children = (
				BC5AAD351994258700D7E79B /* WebToAppCommunication-Info.plist */,
				BC5AAD361994258700D7E79B /* InfoPlist.strings */,
				BC5AAD391994258700D7E79B /* main.m */,
				BC5AAD3B1994258700D7E79B /* WebToAppCommunication-Prefix.pch */,
			);
			name = "Supporting Files";
			sourceTree = "<group>";
		};
		BC5AAD521994258700D7E79B /* WebToAppCommunicationTests */ = {
			isa = PBXGroup;
			children = (
				BC5AAD581994258700D7E79B /* WebToAppCommunicationTests.m */,
				BC5AAD531994258700D7E79B /* Supporting Files */,
			);
			path = WebToAppCommunicationTests;
			sourceTree = "<group>";
		};
		BC5AAD531994258700D7E79B /* Supporting Files */ = {
			isa = PBXGroup;
			children = (
				BC5AAD541994258700D7E79B /* WebToAppCommunicationTests-Info.plist */,
				BC5AAD551994258700D7E79B /* InfoPlist.strings */,
			);
			name = "Supporting Files";
			sourceTree = "<group>";
		};
		BC5AAD62199425A700D7E79B /* jsDocs */ = {
			isa = PBXGroup;
			children = (
				BC5AAD65199426AD00D7E79B /* communicate.js */,
			);
			name = jsDocs;
			sourceTree = "<group>";
		};
/* End PBXGroup section */

/* Begin PBXNativeTarget section */
		BC5AAD291994258700D7E79B /* WebToAppCommunication */ = {
			isa = PBXNativeTarget;
			buildConfigurationList = BC5AAD5C1994258700D7E79B /* Build configuration list for PBXNativeTarget "WebToAppCommunication" */;
			buildPhases = (
				BC5AAD261994258700D7E79B /* Sources */,
				BC5AAD271994258700D7E79B /* Frameworks */,
				BC5AAD281994258700D7E79B /* Resources */,
			);
			buildRules = (
			);
			dependencies = (
			);
			name = WebToAppCommunication;
			productName = WebToAppCommunication;
			productReference = BC5AAD2A1994258700D7E79B /* WebToAppCommunication.app */;
			productType = "com.apple.product-type.application";
		};
		BC5AAD4A1994258700D7E79B /* WebToAppCommunicationTests */ = {
			isa = PBXNativeTarget;
			buildConfigurationList = BC5AAD5F1994258700D7E79B /* Build configuration list for PBXNativeTarget "WebToAppCommunicationTests" */;
			buildPhases = (
				BC5AAD471994258700D7E79B /* Sources */,
				BC5AAD481994258700D7E79B /* Frameworks */,
				BC5AAD491994258700D7E79B /* Resources */,
			);
			buildRules = (
			);
			dependencies = (
				BC5AAD511994258700D7E79B /* PBXTargetDependency */,
			);
			name = WebToAppCommunicationTests;
			productName = WebToAppCommunicationTests;
			productReference = BC5AAD4B1994258700D7E79B /* WebToAppCommunicationTests.xctest */;
			productType = "com.apple.product-type.bundle.unit-test";
		};
/* End PBXNativeTarget section */

/* Begin PBXProject section */
		BC5AAD221994258700D7E79B /* Project object */ = {
			isa = PBXProject;
			attributes = {
				CLASSPREFIX = WTA_;
				LastUpgradeCheck = 0510;
				ORGANIZATIONNAME = bitcows;
				TargetAttributes = {
					BC5AAD4A1994258700D7E79B = {
						TestTargetID = BC5AAD291994258700D7E79B;
					};
				};
			};
			buildConfigurationList = BC5AAD251994258700D7E79B /* Build configuration list for PBXProject "WebToAppCommunication" */;
			compatibilityVersion = "Xcode 3.2";
			developmentRegion = English;
			hasScannedForEncodings = 0;
			knownRegions = (
				en,
				Base,
			);
			mainGroup = BC5AAD211994258700D7E79B;
			productRefGroup = BC5AAD2B1994258700D7E79B /* Products */;
			projectDirPath = "";
			projectRoot = "";
			targets = (
				BC5AAD291994258700D7E79B /* WebToAppCommunication */,
				BC5AAD4A1994258700D7E79B /* WebToAppCommunicationTests */,
			);
		};
/* End PBXProject section */

/* Begin PBXResourcesBuildPhase section */
		BC5AAD281994258700D7E79B /* Resources */ = {
			isa = PBXResourcesBuildPhase;
			buildActionMask = 2147483647;
			files = (
				BC5AAD67199431A900D7E79B /* communicate.js in Resources */,
				BC5AAD461994258700D7E79B /* Images.xcassets in Resources */,
				BC5AAD381994258700D7E79B /* InfoPlist.strings in Resources */,
				BC5AAD411994258700D7E79B /* Main.storyboard in Resources */,
			);
			runOnlyForDeploymentPostprocessing = 0;
		};
		BC5AAD491994258700D7E79B /* Resources */ = {
			isa = PBXResourcesBuildPhase;
			buildActionMask = 2147483647;
			files = (
				BC5AAD571994258700D7E79B /* InfoPlist.strings in Resources */,
			);
			runOnlyForDeploymentPostprocessing = 0;
		};
/* End PBXResourcesBuildPhase section */

/* Begin PBXSourcesBuildPhase section */
		BC5AAD261994258700D7E79B /* Sources */ = {
			isa = PBXSourcesBuildPhase;
			buildActionMask = 2147483647;
			files = (
				BC5AAD3A1994258700D7E79B /* main.m in Sources */,
				BC5AAD3E1994258700D7E79B /* WTA_AppDelegate.m in Sources */,
				BC5AAD6A1994333900D7E79B /* WTA_WebConsole.m in Sources */,
				BC5AAD66199426AD00D7E79B /* communicate.js in Sources */,
				BC5AAD441994258700D7E79B /* WTA_ViewController.m in Sources */,
			);
			runOnlyForDeploymentPostprocessing = 0;
		};
		BC5AAD471994258700D7E79B /* Sources */ = {
			isa = PBXSourcesBuildPhase;
			buildActionMask = 2147483647;
			files = (
				BC5AAD591994258700D7E79B /* WebToAppCommunicationTests.m in Sources */,
			);
			runOnlyForDeploymentPostprocessing = 0;
		};
/* End PBXSourcesBuildPhase section */

/* Begin PBXTargetDependency section */
		BC5AAD511994258700D7E79B /* PBXTargetDependency */ = {
			isa = PBXTargetDependency;
			target = BC5AAD291994258700D7E79B /* WebToAppCommunication */;
			targetProxy = BC5AAD501994258700D7E79B /* PBXContainerItemProxy */;
		};
/* End PBXTargetDependency section */

/* Begin PBXVariantGroup section */
		BC5AAD361994258700D7E79B /* InfoPlist.strings */ = {
			isa = PBXVariantGroup;
			children = (
				BC5AAD371994258700D7E79B /* en */,
			);
			name = InfoPlist.strings;
			sourceTree = "<group>";
		};
		BC5AAD3F1994258700D7E79B /* Main.storyboard */ = {
			isa = PBXVariantGroup;
			children = (
				BC5AAD401994258700D7E79B /* Base */,
			);
			name = Main.storyboard;
			sourceTree = "<group>";
		};
		BC5AAD551994258700D7E79B /* InfoPlist.strings */ = {
			isa = PBXVariantGroup;
			children = (
				BC5AAD561994258700D7E79B /* en */,
			);
			name = InfoPlist.strings;
			sourceTree = "<group>";
		};
/* End PBXVariantGroup section */

/* Begin XCBuildConfiguration section */
		BC5AAD5A1994258700D7E79B /* Debug */ = {
			isa = XCBuildConfiguration;
			buildSettings = {
				ALWAYS_SEARCH_USER_PATHS = NO;
				CLANG_CXX_LANGUAGE_STANDARD = "gnu++0x";
				CLANG_CXX_LIBRARY = "libc++";
				CLANG_ENABLE_MODULES = YES;
				CLANG_ENABLE_OBJC_ARC = YES;
				CLANG_WARN_BOOL_CONVERSION = YES;
				CLANG_WARN_CONSTANT_CONVERSION = YES;
				CLANG_WARN_DIRECT_OBJC_ISA_USAGE = YES_ERROR;
				CLANG_WARN_EMPTY_BODY = YES;
				CLANG_WARN_ENUM_CONVERSION = YES;
				CLANG_WARN_INT_CONVERSION = YES;
				CLANG_WARN_OBJC_ROOT_CLASS = YES_ERROR;
				CLANG_WARN__DUPLICATE_METHOD_MATCH = YES;
				"CODE_SIGN_IDENTITY[sdk=iphoneos*]" = "iPhone Developer";
				COPY_PHASE_STRIP = NO;
				GCC_C_LANGUAGE_STANDARD = gnu99;
				GCC_DYNAMIC_NO_PIC = NO;
				GCC_OPTIMIZATION_LEVEL = 0;
				GCC_PREPROCESSOR_DEFINITIONS = (
					"DEBUG=1",
					"$(inherited)",
				);
				GCC_SYMBOLS_PRIVATE_EXTERN = NO;
				GCC_WARN_64_TO_32_BIT_CONVERSION = YES;
				GCC_WARN_ABOUT_RETURN_TYPE = YES_ERROR;
				GCC_WARN_UNDECLARED_SELECTOR = YES;
				GCC_WARN_UNINITIALIZED_AUTOS = YES_AGGRESSIVE;
				GCC_WARN_UNUSED_FUNCTION = YES;
				GCC_WARN_UNUSED_VARIABLE = YES;
				IPHONEOS_DEPLOYMENT_TARGET = 7.1;
				ONLY_ACTIVE_ARCH = YES;
				SDKROOT = iphoneos;
			};
			name = Debug;
		};
		BC5AAD5B1994258700D7E79B /* Release */ = {
			isa = XCBuildConfiguration;
			buildSettings = {
				ALWAYS_SEARCH_USER_PATHS = NO;
				CLANG_CXX_LANGUAGE_STANDARD = "gnu++0x";
				CLANG_CXX_LIBRARY = "libc++";
				CLANG_ENABLE_MODULES = YES;
				CLANG_ENABLE_OBJC_ARC = YES;
				CLANG_WARN_BOOL_CONVERSION = YES;
				CLANG_WARN_CONSTANT_CONVERSION = YES;
				CLANG_WARN_DIRECT_OBJC_ISA_USAGE = YES_ERROR;
				CLANG_WARN_EMPTY_BODY = YES;
				CLANG_WARN_ENUM_CONVERSION = YES;
				CLANG_WARN_INT_CONVERSION = YES;
				CLANG_WARN_OBJC_ROOT_CLASS = YES_ERROR;
				CLANG_WARN__DUPLICATE_METHOD_MATCH = YES;
				"CODE_SIGN_IDENTITY[sdk=iphoneos*]" = "iPhone Developer";
				COPY_PHASE_STRIP = YES;
				ENABLE_NS_ASSERTIONS = NO;
				GCC_C_LANGUAGE_STANDARD = gnu99;
				GCC_WARN_64_TO_32_BIT_CONVERSION = YES;
				GCC_WARN_ABOUT_RETURN_TYPE = YES_ERROR;
				GCC_WARN_UNDECLARED_SELECTOR = YES;
				GCC_WARN_UNINITIALIZED_AUTOS = YES_AGGRESSIVE;
				GCC_WARN_UNUSED_FUNCTION = YES;
				GCC_WARN_UNUSED_VARIABLE = YES;
				IPHONEOS_DEPLOYMENT_TARGET = 7.1;
				SDKROOT = iphoneos;
				VALIDATE_PRODUCT = YES;
			};
			name = Release;
		};
		BC5AAD5D1994258700D7E79B /* Debug */ = {
			isa = XCBuildConfiguration;
			buildSettings = {
				ASSETCATALOG_COMPILER_APPICON_NAME = AppIcon;
				ASSETCATALOG_COMPILER_LAUNCHIMAGE_NAME = LaunchImage;
				GCC_PRECOMPILE_PREFIX_HEADER = YES;
				GCC_PREFIX_HEADER = "WebToAppCommunication/WebToAppCommunication-Prefix.pch";
				INFOPLIST_FILE = "WebToAppCommunication/WebToAppCommunication-Info.plist";
				PRODUCT_NAME = "$(TARGET_NAME)";
				WRAPPER_EXTENSION = app;
			};
			name = Debug;
		};
		BC5AAD5E1994258700D7E79B /* Release */ = {
			isa = XCBuildConfiguration;
			buildSettings = {
				ASSETCATALOG_COMPILER_APPICON_NAME = AppIcon;
				ASSETCATALOG_COMPILER_LAUNCHIMAGE_NAME = LaunchImage;
				GCC_PRECOMPILE_PREFIX_HEADER = YES;
				GCC_PREFIX_HEADER = "WebToAppCommunication/WebToAppCommunication-Prefix.pch";
				INFOPLIST_FILE = "WebToAppCommunication/WebToAppCommunication-Info.plist";
				PRODUCT_NAME = "$(TARGET_NAME)";
				WRAPPER_EXTENSION = app;
			};
			name = Release;
		};
		BC5AAD601994258700D7E79B /* Debug */ = {
			isa = XCBuildConfiguration;
			buildSettings = {
				BUNDLE_LOADER = "$(BUILT_PRODUCTS_DIR)/WebToAppCommunication.app/WebToAppCommunication";
				FRAMEWORK_SEARCH_PATHS = (
					"$(SDKROOT)/Developer/Library/Frameworks",
					"$(inherited)",
					"$(DEVELOPER_FRAMEWORKS_DIR)",
				);
				GCC_PRECOMPILE_PREFIX_HEADER = YES;
				GCC_PREFIX_HEADER = "WebToAppCommunication/WebToAppCommunication-Prefix.pch";
				GCC_PREPROCESSOR_DEFINITIONS = (
					"DEBUG=1",
					"$(inherited)",
				);
				INFOPLIST_FILE = "WebToAppCommunicationTests/WebToAppCommunicationTests-Info.plist";
				PRODUCT_NAME = "$(TARGET_NAME)";
				TEST_HOST = "$(BUNDLE_LOADER)";
				WRAPPER_EXTENSION = xctest;
			};
			name = Debug;
		};
		BC5AAD611994258700D7E79B /* Release */ = {
			isa = XCBuildConfiguration;
			buildSettings = {
				BUNDLE_LOADER = "$(BUILT_PRODUCTS_DIR)/WebToAppCommunication.app/WebToAppCommunication";
				FRAMEWORK_SEARCH_PATHS = (
					"$(SDKROOT)/Developer/Library/Frameworks",
					"$(inherited)",
					"$(DEVELOPER_FRAMEWORKS_DIR)",
				);
				GCC_PRECOMPILE_PREFIX_HEADER = YES;
				GCC_PREFIX_HEADER = "WebToAppCommunication/WebToAppCommunication-Prefix.pch";
				INFOPLIST_FILE = "WebToAppCommunicationTests/WebToAppCommunicationTests-Info.plist";
				PRODUCT_NAME = "$(TARGET_NAME)";
				TEST_HOST = "$(BUNDLE_LOADER)";
				WRAPPER_EXTENSION = xctest;
			};
			name = Release;
		};
/* End XCBuildConfiguration section */

/* Begin XCConfigurationList section */
		BC5AAD251994258700D7E79B /* Build configuration list for PBXProject "WebToAppCommunication" */ = {
			isa = XCConfigurationList;
			buildConfigurations = (
				BC5AAD5A1994258700D7E79B /* Debug */,
				BC5AAD5B1994258700D7E79B /* Release */,
			);
			defaultConfigurationIsVisible = 0;
			defaultConfigurationName = Release;
		};
		BC5AAD5C1994258700D7E79B /* Build configuration list for PBXNativeTarget "WebToAppCommunication" */ = {
			isa = XCConfigurationList;
			buildConfigurations = (
				BC5AAD5D1994258700D7E79B /* Debug */,
				BC5AAD5E1994258700D7E79B /* Release */,
			);
			defaultConfigurationIsVisible = 0;
		};
		BC5AAD5F1994258700D7E79B /* Build configuration list for PBXNativeTarget "WebToAppCommunicationTests" */ = {
			isa = XCConfigurationList;
			buildConfigurations = (
				BC5AAD601994258700D7E79B /* Debug */,
				BC5AAD611994258700D7E79B /* Release */,
			);
			defaultConfigurationIsVisible = 0;
		};
/* End XCConfigurationList section */
	};
	rootObject = BC5AAD221994258700D7E79B /* Project object */;
}
